
Microsoft Visual Studio Solution File, Format Version 11.00
# Visual Studio 2010
Project("{FAE04EC0-301F-11D3-BF4B-00C04F79EFBC}") = "Data", "..\Data\Data.csproj", "{F9CF54D3-ED5F-4C87-8C0C-8067E306CC5E}"
EndProject
Project("{FAE04EC0-301F-11D3-BF4B-00C04F79EFBC}") = "NetworkNode", "..\NetworkNode\NetworkNode\NetworkNode.csproj", "{4F654A9C-8F00-483C-A523-48EAF71D63C7}"
	ProjectSection(ProjectDependencies) = postProject
		{F9CF54D3-ED5F-4C87-8C0C-8067E306CC5E} = {F9CF54D3-ED5F-4C87-8C0C-8067E306CC5E}
	EndProjectSection
EndProject
Project("{FAE04EC0-301F-11D3-BF4B-00C04F79EFBC}") = "ClientNode", "..\ClientNode\ClientNode\ClientNode.csproj", "{3D24BA8C-2B32-4694-9DEE-8C62B51E9B80}"
	ProjectSection(ProjectDependencies) = postProject
		{F9CF54D3-ED5F-4C87-8C0C-8067E306CC5E} = {F9CF54D3-ED5F-4C87-8C0C-8067E306CC5E}
	EndProjectSection
EndProject
Project("{FAE04EC0-301F-11D3-BF4B-00C04F79EFBC}") = "ManagementLayer", "ManagementLayer\ManagementLayer.csproj", "{D228B255-FE88-439F-9DD5-8EA7813C2075}"
EndProject
Project("{FAE04EC0-301F-11D3-BF4B-00C04F79EFBC}") = "ControlPlane", "ControlPlane\ControlPlane.csproj", "{6431D655-BEE2-40EE-8A76-CD1AB765853E}"
EndProject
Project("{FAE04EC0-301F-11D3-BF4B-00C04F79EFBC}") = "LinkResourceManager", "LinkResourceManager\LinkResourceManager.csproj", "{CC710602-216A-4B3E-A1E4-025C1524B37F}"
EndProject
Project("{FAE04EC0-301F-11D3-BF4B-00C04F79EFBC}") = "RoutingController", "RoutingController\RoutingController.csproj", "{53E81484-2AED-41DF-A06D-420303EBA3A4}"
EndProject
Project("{FAE04EC0-301F-11D3-BF4B-00C04F79EFBC}") = "RouteEngine", "RouteEngine\RouteEngine.csproj", "{DC7D3B5F-9BF1-4702-BEE2-0487C96A5291}"
EndProject
Project("{2150E333-8FDC-42A3-9474-1A3956D46DE8}") = "starter", "starter", "{4FDFB164-EC74-431B-8694-31D75AEF48AF}"
	ProjectSection(SolutionItems) = preProject
		starter\networkConfig.xml = starter\networkConfig.xml
		starter\start.bat = starter\start.bat
	EndProjectSection
EndProject
Global
	GlobalSection(SubversionScc) = preSolution
		Svn-Managed = True
		Manager = AnkhSVN - Subversion Support for Visual Studio
	EndGlobalSection
	GlobalSection(SolutionConfigurationPlatforms) = preSolution
		Debug|Any CPU = Debug|Any CPU
		Debug|Mixed Platforms = Debug|Mixed Platforms
		Debug|Win32 = Debug|Win32
		Debug|x86 = Debug|x86
		Release|Any CPU = Release|Any CPU
		Release|Mixed Platforms = Release|Mixed Platforms
		Release|Win32 = Release|Win32
		Release|x86 = Release|x86
	EndGlobalSection
	GlobalSection(ProjectConfigurationPlatforms) = postSolution
		{F9CF54D3-ED5F-4C87-8C0C-8067E306CC5E}.Debug|Any CPU.ActiveCfg = Debug|x86
		{F9CF54D3-ED5F-4C87-8C0C-8067E306CC5E}.Debug|Mixed Platforms.ActiveCfg = Debug|x86
		{F9CF54D3-ED5F-4C87-8C0C-8067E306CC5E}.Debug|Mixed Platforms.Build.0 = Debug|x86
		{F9CF54D3-ED5F-4C87-8C0C-8067E306CC5E}.Debug|Win32.ActiveCfg = Debug|x86
		{F9CF54D3-ED5F-4C87-8C0C-8067E306CC5E}.Debug|x86.ActiveCfg = Debug|x86
		{F9CF54D3-ED5F-4C87-8C0C-8067E306CC5E}.Debug|x86.Build.0 = Debug|x86
		{F9CF54D3-ED5F-4C87-8C0C-8067E306CC5E}.Release|Any CPU.ActiveCfg = Release|x86
		{F9CF54D3-ED5F-4C87-8C0C-8067E306CC5E}.Release|Mixed Platforms.ActiveCfg = Release|x86
		{F9CF54D3-ED5F-4C87-8C0C-8067E306CC5E}.Release|Mixed Platforms.Build.0 = Release|x86
		{F9CF54D3-ED5F-4C87-8C0C-8067E306CC5E}.Release|Win32.ActiveCfg = Release|x86
		{F9CF54D3-ED5F-4C87-8C0C-8067E306CC5E}.Release|x86.ActiveCfg = Release|x86
		{F9CF54D3-ED5F-4C87-8C0C-8067E306CC5E}.Release|x86.Build.0 = Release|x86
		{4F654A9C-8F00-483C-A523-48EAF71D63C7}.Debug|Any CPU.ActiveCfg = Debug|x86
		{4F654A9C-8F00-483C-A523-48EAF71D63C7}.Debug|Mixed Platforms.ActiveCfg = Debug|x86
		{4F654A9C-8F00-483C-A523-48EAF71D63C7}.Debug|Mixed Platforms.Build.0 = Debug|x86
		{4F654A9C-8F00-483C-A523-48EAF71D63C7}.Debug|Win32.ActiveCfg = Debug|x86
		{4F654A9C-8F00-483C-A523-48EAF71D63C7}.Debug|x86.ActiveCfg = Debug|x86
		{4F654A9C-8F00-483C-A523-48EAF71D63C7}.Debug|x86.Build.0 = Debug|x86
		{4F654A9C-8F00-483C-A523-48EAF71D63C7}.Release|Any CPU.ActiveCfg = Release|x86
		{4F654A9C-8F00-483C-A523-48EAF71D63C7}.Release|Mixed Platforms.ActiveCfg = Release|x86
		{4F654A9C-8F00-483C-A523-48EAF71D63C7}.Release|Mixed Platforms.Build.0 = Release|x86
		{4F654A9C-8F00-483C-A523-48EAF71D63C7}.Release|Win32.ActiveCfg = Release|x86
		{4F654A9C-8F00-483C-A523-48EAF71D63C7}.Release|x86.ActiveCfg = Release|x86
		{4F654A9C-8F00-483C-A523-48EAF71D63C7}.Release|x86.Build.0 = Release|x86
		{3D24BA8C-2B32-4694-9DEE-8C62B51E9B80}.Debug|Any CPU.ActiveCfg = Debug|x86
		{3D24BA8C-2B32-4694-9DEE-8C62B51E9B80}.Debug|Mixed Platforms.ActiveCfg = Debug|x86
		{3D24BA8C-2B32-4694-9DEE-8C62B51E9B80}.Debug|Mixed Platforms.Build.0 = Debug|x86
		{3D24BA8C-2B32-4694-9DEE-8C62B51E9B80}.Debug|Win32.ActiveCfg = Debug|x86
		{3D24BA8C-2B32-4694-9DEE-8C62B51E9B80}.Debug|x86.ActiveCfg = Debug|x86
		{3D24BA8C-2B32-4694-9DEE-8C62B51E9B80}.Debug|x86.Build.0 = Debug|x86
		{3D24BA8C-2B32-4694-9DEE-8C62B51E9B80}.Release|Any CPU.ActiveCfg = Release|x86
		{3D24BA8C-2B32-4694-9DEE-8C62B51E9B80}.Release|Mixed Platforms.ActiveCfg = Release|x86
		{3D24BA8C-2B32-4694-9DEE-8C62B51E9B80}.Release|Mixed Platforms.Build.0 = Release|x86
		{3D24BA8C-2B32-4694-9DEE-8C62B51E9B80}.Release|Win32.ActiveCfg = Release|x86
		{3D24BA8C-2B32-4694-9DEE-8C62B51E9B80}.Release|x86.ActiveCfg = Release|x86
		{3D24BA8C-2B32-4694-9DEE-8C62B51E9B80}.Release|x86.Build.0 = Release|x86
		{D228B255-FE88-439F-9DD5-8EA7813C2075}.Debug|Any CPU.ActiveCfg = Debug|x86
		{D228B255-FE88-439F-9DD5-8EA7813C2075}.Debug|Mixed Platforms.ActiveCfg = Debug|x86
		{D228B255-FE88-439F-9DD5-8EA7813C2075}.Debug|Mixed Platforms.Build.0 = Debug|x86
		{D228B255-FE88-439F-9DD5-8EA7813C2075}.Debug|Win32.ActiveCfg = Debug|x86
		{D228B255-FE88-439F-9DD5-8EA7813C2075}.Debug|x86.ActiveCfg = Debug|x86
		{D228B255-FE88-439F-9DD5-8EA7813C2075}.Debug|x86.Build.0 = Debug|x86
		{D228B255-FE88-439F-9DD5-8EA7813C2075}.Release|Any CPU.ActiveCfg = Release|x86
		{D228B255-FE88-439F-9DD5-8EA7813C2075}.Release|Mixed Platforms.ActiveCfg = Release|x86
		{D228B255-FE88-439F-9DD5-8EA7813C2075}.Release|Mixed Platforms.Build.0 = Release|x86
		{D228B255-FE88-439F-9DD5-8EA7813C2075}.Release|Win32.ActiveCfg = Release|x86
		{D228B255-FE88-439F-9DD5-8EA7813C2075}.Release|x86.ActiveCfg = Release|x86
		{D228B255-FE88-439F-9DD5-8EA7813C2075}.Release|x86.Build.0 = Release|x86
		{6431D655-BEE2-40EE-8A76-CD1AB765853E}.Debug|Any CPU.ActiveCfg = Debug|x86
		{6431D655-BEE2-40EE-8A76-CD1AB765853E}.Debug|Mixed Platforms.ActiveCfg = Debug|x86
		{6431D655-BEE2-40EE-8A76-CD1AB765853E}.Debug|Mixed Platforms.Build.0 = Debug|x86
		{6431D655-BEE2-40EE-8A76-CD1AB765853E}.Debug|Win32.ActiveCfg = Debug|x86
		{6431D655-BEE2-40EE-8A76-CD1AB765853E}.Debug|x86.ActiveCfg = Debug|x86
		{6431D655-BEE2-40EE-8A76-CD1AB765853E}.Debug|x86.Build.0 = Debug|x86
		{6431D655-BEE2-40EE-8A76-CD1AB765853E}.Release|Any CPU.ActiveCfg = Release|x86
		{6431D655-BEE2-40EE-8A76-CD1AB765853E}.Release|Mixed Platforms.ActiveCfg = Release|x86
		{6431D655-BEE2-40EE-8A76-CD1AB765853E}.Release|Mixed Platforms.Build.0 = Release|x86
		{6431D655-BEE2-40EE-8A76-CD1AB765853E}.Release|Win32.ActiveCfg = Release|x86
		{6431D655-BEE2-40EE-8A76-CD1AB765853E}.Release|x86.ActiveCfg = Release|x86
		{6431D655-BEE2-40EE-8A76-CD1AB765853E}.Release|x86.Build.0 = Release|x86
		{CC710602-216A-4B3E-A1E4-025C1524B37F}.Debug|Any CPU.ActiveCfg = Debug|x86
		{CC710602-216A-4B3E-A1E4-025C1524B37F}.Debug|Mixed Platforms.ActiveCfg = Debug|x86
		{CC710602-216A-4B3E-A1E4-025C1524B37F}.Debug|Mixed Platforms.Build.0 = Debug|x86
		{CC710602-216A-4B3E-A1E4-025C1524B37F}.Debug|Win32.ActiveCfg = Debug|x86
		{CC710602-216A-4B3E-A1E4-025C1524B37F}.Debug|x86.ActiveCfg = Debug|x86
		{CC710602-216A-4B3E-A1E4-025C1524B37F}.Debug|x86.Build.0 = Debug|x86
		{CC710602-216A-4B3E-A1E4-025C1524B37F}.Release|Any CPU.ActiveCfg = Release|x86
		{CC710602-216A-4B3E-A1E4-025C1524B37F}.Release|Mixed Platforms.ActiveCfg = Release|x86
		{CC710602-216A-4B3E-A1E4-025C1524B37F}.Release|Mixed Platforms.Build.0 = Release|x86
		{CC710602-216A-4B3E-A1E4-025C1524B37F}.Release|Win32.ActiveCfg = Release|x86
		{CC710602-216A-4B3E-A1E4-025C1524B37F}.Release|x86.ActiveCfg = Release|x86
		{CC710602-216A-4B3E-A1E4-025C1524B37F}.Release|x86.Build.0 = Release|x86
		{53E81484-2AED-41DF-A06D-420303EBA3A4}.Debug|Any CPU.ActiveCfg = Debug|x86
		{53E81484-2AED-41DF-A06D-420303EBA3A4}.Debug|Mixed Platforms.ActiveCfg = Debug|x86
		{53E81484-2AED-41DF-A06D-420303EBA3A4}.Debug|Mixed Platforms.Build.0 = Debug|x86
		{53E81484-2AED-41DF-A06D-420303EBA3A4}.Debug|Win32.ActiveCfg = Debug|x86
		{53E81484-2AED-41DF-A06D-420303EBA3A4}.Debug|x86.ActiveCfg = Debug|x86
		{53E81484-2AED-41DF-A06D-420303EBA3A4}.Debug|x86.Build.0 = Debug|x86
		{53E81484-2AED-41DF-A06D-420303EBA3A4}.Release|Any CPU.ActiveCfg = Release|x86
		{53E81484-2AED-41DF-A06D-420303EBA3A4}.Release|Mixed Platforms.ActiveCfg = Release|x86
		{53E81484-2AED-41DF-A06D-420303EBA3A4}.Release|Mixed Platforms.Build.0 = Release|x86
		{53E81484-2AED-41DF-A06D-420303EBA3A4}.Release|Win32.ActiveCfg = Release|x86
		{53E81484-2AED-41DF-A06D-420303EBA3A4}.Release|x86.ActiveCfg = Release|x86
		{53E81484-2AED-41DF-A06D-420303EBA3A4}.Release|x86.Build.0 = Release|x86
		{DC7D3B5F-9BF1-4702-BEE2-0487C96A5291}.Debug|Any CPU.ActiveCfg = Debug|Any CPU
		{DC7D3B5F-9BF1-4702-BEE2-0487C96A5291}.Debug|Any CPU.Build.0 = Debug|Any CPU
		{DC7D3B5F-9BF1-4702-BEE2-0487C96A5291}.Debug|Mixed Platforms.ActiveCfg = Debug|Any CPU
		{DC7D3B5F-9BF1-4702-BEE2-0487C96A5291}.Debug|Mixed Platforms.Build.0 = Debug|Any CPU
		{DC7D3B5F-9BF1-4702-BEE2-0487C96A5291}.Debug|Win32.ActiveCfg = Debug|Any CPU
		{DC7D3B5F-9BF1-4702-BEE2-0487C96A5291}.Debug|x86.ActiveCfg = Debug|Any CPU
		{DC7D3B5F-9BF1-4702-BEE2-0487C96A5291}.Debug|x86.Build.0 = Debug|Any CPU
		{DC7D3B5F-9BF1-4702-BEE2-0487C96A5291}.Release|Any CPU.ActiveCfg = Release|Any CPU
		{DC7D3B5F-9BF1-4702-BEE2-0487C96A5291}.Release|Any CPU.Build.0 = Release|Any CPU
		{DC7D3B5F-9BF1-4702-BEE2-0487C96A5291}.Release|Mixed Platforms.ActiveCfg = Release|Any CPU
		{DC7D3B5F-9BF1-4702-BEE2-0487C96A5291}.Release|Mixed Platforms.Build.0 = Release|Any CPU
		{DC7D3B5F-9BF1-4702-BEE2-0487C96A5291}.Release|Win32.ActiveCfg = Release|Any CPU
		{DC7D3B5F-9BF1-4702-BEE2-0487C96A5291}.Release|x86.ActiveCfg = Release|Any CPU
	EndGlobalSection
	GlobalSection(SolutionProperties) = preSolution
		HideSolutionNode = FALSE
	EndGlobalSection
EndGlobal
